
Microsoft Visual Studio Solution File, Format Version 12.00
# Visual Studio 16
Project("{FAE04EC0-301F-11D3-BF4B-00C04F79EFBC}") = "Assembly-CSharp", "Assembly-CSharp.csproj", "{D14E36E6-9A88-F54D-5DA2-2FAFF975ECCA}"
EndProject
Project("{FAE04EC0-301F-11D3-BF4B-00C04F79EFBC}") = "Assembly-CSharp-firstpass", "Assembly-CSharp-firstpass.csproj", "{D8F767FF-13BB-92D1-B6FD-30F4C0ADFBA0}"
EndProject
Project("{FAE04EC0-301F-11D3-BF4B-00C04F79EFBC}") = "Assembly-CSharp-Editor-firstpass", "Assembly-CSharp-Editor-firstpass.csproj", "{C036D08F-C90F-72BE-A806-0B49A265D960}"
EndProject
Global
	GlobalSection(SolutionConfigurationPlatforms) = preSolution
		Debug|Any CPU = Debug|Any CPU
		Release|Any CPU = Release|Any CPU
	EndGlobalSection
	GlobalSection(ProjectConfigurationPlatforms) = postSolution
		{D14E36E6-9A88-F54D-5DA2-2FAFF975ECCA}.Debug|Any CPU.ActiveCfg = Debug|Any CPU
		{D14E36E6-9A88-F54D-5DA2-2FAFF975ECCA}.Debug|Any CPU.Build.0 = Debug|Any CPU
		{D14E36E6-9A88-F54D-5DA2-2FAFF975ECCA}.Release|Any CPU.ActiveCfg = Release|Any CPU
		{D14E36E6-9A88-F54D-5DA2-2FAFF975ECCA}.Release|Any CPU.Build.0 = Release|Any CPU
		{D8F767FF-13BB-92D1-B6FD-30F4C0ADFBA0}.Debug|Any CPU.ActiveCfg = Debug|Any CPU
		{D8F767FF-13BB-92D1-B6FD-30F4C0ADFBA0}.Debug|Any CPU.Build.0 = Debug|Any CPU
		{D8F767FF-13BB-92D1-B6FD-30F4C0ADFBA0}.Release|Any CPU.ActiveCfg = Release|Any CPU
		{D8F767FF-13BB-92D1-B6FD-30F4C0ADFBA0}.Release|Any CPU.Build.0 = Release|Any CPU
		{C036D08F-C90F-72BE-A806-0B49A265D960}.Debug|Any CPU.ActiveCfg = Debug|Any CPU
		{C036D08F-C90F-72BE-A806-0B49A265D960}.Debug|Any CPU.Build.0 = Debug|Any CPU
		{C036D08F-C90F-72BE-A806-0B49A265D960}.Release|Any CPU.ActiveCfg = Release|Any CPU
		{C036D08F-C90F-72BE-A806-0B49A265D960}.Release|Any CPU.Build.0 = Release|Any CPU
	EndGlobalSection
	GlobalSection(SolutionProperties) = preSolution
		HideSolutionNode = FALSE
	EndGlobalSection
EndGlobal
